<?xml version="1.0" encoding="utf-8"?>
<Project ToolsVersion="4.0" xmlns="http://schemas.microsoft.com/developer/msbuild/2003">
  <ItemGroup>
    <Filter Include="Assets">
      <UniqueIdentifier>{3824E0A7-24C6-0A7E-0D81-1ED2F9C191CE}</UniqueIdentifier>
    </Filter>
    <Filter Include="Assets\Data">
      <UniqueIdentifier>{A1FCB013-0DB2-2909-96A6-23E0025B200D}</UniqueIdentifier>
    </Filter>
    <Filter Include="Assets\Textures">
      <UniqueIdentifier>{0B35254A-77C0-920E-80D1-1503ECDBEE0E}</UniqueIdentifier>
    </Filter>
    <Filter Include="src">
      <UniqueIdentifier>{2DAB880B-99B4-887C-2230-9F7C8E38947C}</UniqueIdentifier>
    </Filter>
  </ItemGroup>
  <ItemGroup>
    <ClInclude Include="src\SandBox2D.h">
      <Filter>src</Filter>
    </ClInclude>
  </ItemGroup>
  <ItemGroup>
    <ClCompile Include="src\SandBox2D.cpp">
      <Filter>src</Filter>
    </ClCompile>
    <ClCompile Include="src\SandoxApp.cpp">
      <Filter>src</Filter>
    </ClCompile>
  </ItemGroup>
  <ItemGroup>
    <None Include="Assets\Data\back.png.bh">
      <Filter>Assets\Data</Filter>
    </None>
    <None Include="Assets\Data\folder.png.bh">
      <Filter>Assets\Data</Filter>
    </None>
  </ItemGroup>
  <ItemGroup>
    <Image Include="Assets\Textures\awesomeface.png">
      <Filter>Assets\Textures</Filter>
    </Image>
    <Image Include="Assets\Textures\container.jpg">
      <Filter>Assets\Textures</Filter>
    </Image>
    <Image Include="Assets\Textures\container2.png">
      <Filter>Assets\Textures</Filter>
    </Image>
    <Image Include="Assets\Textures\container2_specular.png">
      <Filter>Assets\Textures</Filter>
    </Image>
    <Image Include="Assets\Textures\grass.jpg">
      <Filter>Assets\Textures</Filter>
    </Image>
    <Image Include="Assets\Textures\grass.png">
      <Filter>Assets\Textures</Filter>
    </Image>
    <Image Include="Assets\Textures\matrix.jpg">
      <Filter>Assets\Textures</Filter>
    </Image>
    <Image Include="Assets\Textures\smoke.png">
      <Filter>Assets\Textures</Filter>
    </Image>
    <Image Include="Assets\Textures\wall.jpg">
      <Filter>Assets\Textures</Filter>
    </Image>
  </ItemGroup>
</Project>