
Microsoft Visual Studio Solution File, Format Version 12.00
# Visual Studio 15
VisualStudioVersion = 15.0.28010.2041
MinimumVisualStudioVersion = 10.0.40219.1
Project("{8BC9CEB8-8B4A-11D0-8D11-00A0C91BC942}") = "Sandbox", "Sandbox\Sandbox.vcxproj", "{8E11354C-EAB9-46E1-BF6A-B7D3552585EF}"
EndProject
Project("{8BC9CEB8-8B4A-11D0-8D11-00A0C91BC942}") = "BHive", "BHive\BHive.vcxproj", "{3404B76E-C8B4-4DCA-B8E7-2684728D40C7}"
EndProject
Global
	GlobalSection(SolutionConfigurationPlatforms) = preSolution
		Debug|x64 = Debug|x64
		Release|x64 = Release|x64
	EndGlobalSection
	GlobalSection(ProjectConfigurationPlatforms) = postSolution
		{3404B76E-C8B4-4DCA-B8E7-2684728D40C7}.Debug|x64.ActiveCfg = Debug|x64
		{3404B76E-C8B4-4DCA-B8E7-2684728D40C7}.Debug|x64.Build.0 = Debug|x64
		{3404B76E-C8B4-4DCA-B8E7-2684728D40C7}.Release|x64.ActiveCfg = Release|x64
		{3404B76E-C8B4-4DCA-B8E7-2684728D40C7}.Release|x64.Build.0 = Release|x64
		{8E11354C-EAB9-46E1-BF6A-B7D3552585EF}.Debug|x64.ActiveCfg = Debug|x64
		{8E11354C-EAB9-46E1-BF6A-B7D3552585EF}.Debug|x64.Build.0 = Debug|x64
		{8E11354C-EAB9-46E1-BF6A-B7D3552585EF}.Release|x64.ActiveCfg = Release|x64
		{8E11354C-EAB9-46E1-BF6A-B7D3552585EF}.Release|x64.Build.0 = Release|x64
	EndGlobalSection
	GlobalSection(SolutionProperties) = preSolution
		HideSolutionNode = FALSE
	EndGlobalSection
	GlobalSection(ExtensibilityGlobals) = postSolution
		SolutionGuid = {F3FFFA0C-BB06-425A-BEBE-80160B79C1FF}
	EndGlobalSection
EndGlobal
