<?xml version="1.0" encoding="utf-8"?>
<Project ToolsVersion="4.0" xmlns="http://schemas.microsoft.com/developer/msbuild/2003">
  <ItemGroup>
    <Filter Include="Assets">
      <UniqueIdentifier>{3824E0A7-24C6-0A7E-0D81-1ED2F9C191CE}</UniqueIdentifier>
    </Filter>
    <Filter Include="Assets\Shaders">
      <UniqueIdentifier>{1101E1D1-FDCE-D4D7-E662-45FED2CFB03C}</UniqueIdentifier>
    </Filter>
    <Filter Include="Assets\Textures">
      <UniqueIdentifier>{0B35254A-77C0-920E-80D1-1503ECDBEE0E}</UniqueIdentifier>
    </Filter>
    <Filter Include="Assets\Textures\Icons">
      <UniqueIdentifier>{F6333D22-62A0-F81C-2B94-907A97BF1A85}</UniqueIdentifier>
    </Filter>
    <Filter Include="src">
      <UniqueIdentifier>{2DAB880B-99B4-887C-2230-9F7C8E38947C}</UniqueIdentifier>
    </Filter>
    <Filter Include="src\BHive">
      <UniqueIdentifier>{4AA98FB2-B613-4429-FF51-F5CE6BFB217E}</UniqueIdentifier>
    </Filter>
    <Filter Include="src\BHive\Components">
      <UniqueIdentifier>{1FEC59C7-0B7B-E390-B499-F78BA007F436}</UniqueIdentifier>
    </Filter>
    <Filter Include="src\BHive\Controllers">
      <UniqueIdentifier>{B066DCC1-1CD3-97BC-E5C6-2F1A51F2B924}</UniqueIdentifier>
    </Filter>
    <Filter Include="src\BHive\Core">
      <UniqueIdentifier>{E22BD88B-CEF9-CB91-B78D-3CB8A3FAA7F6}</UniqueIdentifier>
    </Filter>
    <Filter Include="src\BHive\Core\Math">
      <UniqueIdentifier>{FB4D5713-67AF-3421-F01C-7BD35C7D6BE0}</UniqueIdentifier>
    </Filter>
    <Filter Include="src\BHive\Core\Reflection">
      <UniqueIdentifier>{5C7186D7-C833-BA61-11E4-48EE7DE5923F}</UniqueIdentifier>
    </Filter>
    <Filter Include="src\BHive\Core\Time">
      <UniqueIdentifier>{C0455B13-2CA7-3821-B514-7FD321756FE0}</UniqueIdentifier>
    </Filter>
    <Filter Include="src\BHive\Core\Types">
      <UniqueIdentifier>{06D1CC7E-F25F-5648-9B7E-6A4387EC66EE}</UniqueIdentifier>
    </Filter>
    <Filter Include="src\BHive\Debug">
      <UniqueIdentifier>{4003EA06-AC8E-57CB-B59F-DABF21AAB3CB}</UniqueIdentifier>
    </Filter>
    <Filter Include="src\BHive\ImGui">
      <UniqueIdentifier>{F46D4807-60F9-B5CB-690A-39C0D51412CC}</UniqueIdentifier>
    </Filter>
    <Filter Include="src\BHive\Interfaces">
      <UniqueIdentifier>{5D6B9598-49FA-1E62-F218-335DDE862F08}</UniqueIdentifier>
    </Filter>
    <Filter Include="src\BHive\Layers">
      <UniqueIdentifier>{C9A897F6-B5A1-B648-DED3-9BCDCA2B9654}</UniqueIdentifier>
    </Filter>
    <Filter Include="src\BHive\Object">
      <UniqueIdentifier>{90FFA0FD-7CF8-BF4F-A52A-A5D491829F5B}</UniqueIdentifier>
    </Filter>
    <Filter Include="src\BHive\Platforms">
      <UniqueIdentifier>{11153943-7D76-1651-06E4-5C0372444D10}</UniqueIdentifier>
    </Filter>
    <Filter Include="src\BHive\Platforms\Opengl">
      <UniqueIdentifier>{65454B42-5155-F712-BA0E-5C31A63DE6AB}</UniqueIdentifier>
    </Filter>
    <Filter Include="src\BHive\Platforms\Windows">
      <UniqueIdentifier>{4B40CFE3-B74D-FDC9-4034-F9B4AC40C980}</UniqueIdentifier>
    </Filter>
    <Filter Include="src\BHive\Renderer">
      <UniqueIdentifier>{3000D79E-1CE4-97F4-8544-924771478276}</UniqueIdentifier>
    </Filter>
    <Filter Include="src\BHive\Shapes">
      <UniqueIdentifier>{BD745D07-A96D-7C59-D29F-61DEBEF75B65}</UniqueIdentifier>
    </Filter>
    <Filter Include="vendor">
      <UniqueIdentifier>{B3738122-9F15-ACF8-88D0-BF4C74113349}</UniqueIdentifier>
    </Filter>
    <Filter Include="vendor\glm">
      <UniqueIdentifier>{829FC5A8-6E57-07F6-D75E-E051C335A2E6}</UniqueIdentifier>
    </Filter>
    <Filter Include="vendor\glm\include">
      <UniqueIdentifier>{F528B309-E10C-745F-4A6D-6EB236705EE1}</UniqueIdentifier>
    </Filter>
    <Filter Include="vendor\glm\include\glm">
      <UniqueIdentifier>{C4257490-B01F-9DE2-998C-33F38525034F}</UniqueIdentifier>
    </Filter>
    <Filter Include="vendor\glm\include\glm\detail">
      <UniqueIdentifier>{0679B97E-7291-A0A8-3B3E-3042A7153542}</UniqueIdentifier>
    </Filter>
    <Filter Include="vendor\glm\include\glm\ext">
      <UniqueIdentifier>{24EBF455-10FB-A026-79B4-054565E38FBF}</UniqueIdentifier>
    </Filter>
    <Filter Include="vendor\glm\include\glm\gtc">
      <UniqueIdentifier>{11F3F455-FD02-A126-66BC-054552EB8FBF}</UniqueIdentifier>
    </Filter>
    <Filter Include="vendor\glm\include\glm\gtx">
      <UniqueIdentifier>{26F3F455-1203-A126-7BBC-054567EB8FBF}</UniqueIdentifier>
    </Filter>
    <Filter Include="vendor\stb_image">
      <UniqueIdentifier>{0DA0BA59-F998-D9AB-22CB-BE300E23B9B7}</UniqueIdentifier>
    </Filter>
    <Filter Include="src\BHive\Core\Events">
      <UniqueIdentifier>{9d19359c-ee68-4992-b53f-7e5d08e9b0ff}</UniqueIdentifier>
    </Filter>
  </ItemGroup>
  <ItemGroup>
    <ClInclude Include="src\BHive.h">
      <Filter>src</Filter>
    </ClInclude>
    <ClInclude Include="src\BHive\BHivePCH.h">
      <Filter>src\BHive</Filter>
    </ClInclude>
    <ClInclude Include="src\BHive\Components\CameraComponents.h">
      <Filter>src\BHive\Components</Filter>
    </ClInclude>
    <ClInclude Include="src\BHive\Components\Component.h">
      <Filter>src\BHive\Components</Filter>
    </ClInclude>
    <ClInclude Include="src\BHive\Components\Primitive.h">
      <Filter>src\BHive\Components</Filter>
    </ClInclude>
    <ClInclude Include="src\BHive\Components\RenderComponent.h">
      <Filter>src\BHive\Components</Filter>
    </ClInclude>
    <ClInclude Include="src\BHive\Components\TransformComponent.h">
      <Filter>src\BHive\Components</Filter>
    </ClInclude>
    <ClInclude Include="src\BHive\Controllers\CameraController.h">
      <Filter>src\BHive\Controllers</Filter>
    </ClInclude>
    <ClInclude Include="src\BHive\Core\Application.h">
      <Filter>src\BHive\Core</Filter>
    </ClInclude>
    <ClInclude Include="src\BHive\Core\ApplicationEvent.h">
      <Filter>src\BHive\Core</Filter>
    </ClInclude>
    <ClInclude Include="src\BHive\Core\Core.h">
      <Filter>src\BHive\Core</Filter>
    </ClInclude>
    <ClInclude Include="src\BHive\Core\CoreLibrary.h">
      <Filter>src\BHive\Core</Filter>
    </ClInclude>
    <ClInclude Include="src\BHive\Core\DataTypes.h">
      <Filter>src\BHive\Core</Filter>
    </ClInclude>
    <ClInclude Include="src\BHive\Core\EntryPoint.h">
      <Filter>src\BHive\Core</Filter>
    </ClInclude>
    <ClInclude Include="src\BHive\Core\Event.h">
      <Filter>src\BHive\Core</Filter>
    </ClInclude>
    <ClInclude Include="src\BHive\Core\IDGenerator.h">
      <Filter>src\BHive\Core</Filter>
    </ClInclude>
    <ClInclude Include="src\BHive\Core\Input.h">
      <Filter>src\BHive\Core</Filter>
    </ClInclude>
    <ClInclude Include="src\BHive\Core\KeyCodes.h">
      <Filter>src\BHive\Core</Filter>
    </ClInclude>
    <ClInclude Include="src\BHive\Core\KeyEvent.h">
      <Filter>src\BHive\Core</Filter>
    </ClInclude>
    <ClInclude Include="src\BHive\Core\Layer.h">
      <Filter>src\BHive\Core</Filter>
    </ClInclude>
    <ClInclude Include="src\BHive\Core\LayerStack.h">
      <Filter>src\BHive\Core</Filter>
    </ClInclude>
    <ClInclude Include="src\BHive\Core\Log.h">
      <Filter>src\BHive\Core</Filter>
    </ClInclude>
    <ClInclude Include="src\BHive\Core\Math\MathLibrary.h">
      <Filter>src\BHive\Core\Math</Filter>
    </ClInclude>
    <ClInclude Include="src\BHive\Core\Math\MathLibrary.inl">
      <Filter>src\BHive\Core\Math</Filter>
    </ClInclude>
    <ClInclude Include="src\BHive\Core\MouseCodes.h">
      <Filter>src\BHive\Core</Filter>
    </ClInclude>
    <ClInclude Include="src\BHive\Core\MouseEvent.h">
      <Filter>src\BHive\Core</Filter>
    </ClInclude>
    <ClInclude Include="src\BHive\Core\PlatformDataTypes.h">
      <Filter>src\BHive\Core</Filter>
    </ClInclude>
    <ClInclude Include="src\BHive\Core\Time\Time.h">
      <Filter>src\BHive\Core\Time</Filter>
    </ClInclude>
    <ClInclude Include="src\BHive\Core\Types\APath.h">
      <Filter>src\BHive\Core\Types</Filter>
    </ClInclude>
    <ClInclude Include="src\BHive\Core\Types\Array.h">
      <Filter>src\BHive\Core\Types</Filter>
    </ClInclude>
    <ClInclude Include="src\BHive\Core\Types\BString.h">
      <Filter>src\BHive\Core\Types</Filter>
    </ClInclude>
    <ClInclude Include="src\BHive\Core\Types\Color.h">
      <Filter>src\BHive\Core\Types</Filter>
    </ClInclude>
    <ClInclude Include="src\BHive\Core\Types\Matrix.h">
      <Filter>src\BHive\Core\Types</Filter>
    </ClInclude>
    <ClInclude Include="src\BHive\Core\Types\Rotator.h">
      <Filter>src\BHive\Core\Types</Filter>
    </ClInclude>
    <ClInclude Include="src\BHive\Core\Types\Transform.h">
      <Filter>src\BHive\Core\Types</Filter>
    </ClInclude>
    <ClInclude Include="src\BHive\Core\Types\Vector2.h">
      <Filter>src\BHive\Core\Types</Filter>
    </ClInclude>
    <ClInclude Include="src\BHive\Core\Types\Vector3.h">
      <Filter>src\BHive\Core\Types</Filter>
    </ClInclude>
    <ClInclude Include="src\BHive\Core\Types\Vector4.h">
      <Filter>src\BHive\Core\Types</Filter>
    </ClInclude>
    <ClInclude Include="src\BHive\Debug\Instrumentor.h">
      <Filter>src\BHive\Debug</Filter>
    </ClInclude>
    <ClInclude Include="src\BHive\Interfaces\Interface.h">
      <Filter>src\BHive\Interfaces</Filter>
    </ClInclude>
    <ClInclude Include="src\BHive\Interfaces\SelectableInterface.h">
      <Filter>src\BHive\Interfaces</Filter>
    </ClInclude>
    <ClInclude Include="src\BHive\Layers\ImGuiLayer.h">
      <Filter>src\BHive\Layers</Filter>
    </ClInclude>
    <ClInclude Include="src\BHive\Object\Actor.h">
      <Filter>src\BHive\Object</Filter>
    </ClInclude>
    <ClInclude Include="src\BHive\Object\ActorManager.h">
      <Filter>src\BHive\Object</Filter>
    </ClInclude>
    <ClInclude Include="src\BHive\Object\Object.h">
      <Filter>src\BHive\Object</Filter>
    </ClInclude>
    <ClInclude Include="src\BHive\Platforms\Opengl\OpenGLBuffer.h">
      <Filter>src\BHive\Platforms\Opengl</Filter>
    </ClInclude>
    <ClInclude Include="src\BHive\Platforms\Opengl\OpenGLContext.h">
      <Filter>src\BHive\Platforms\Opengl</Filter>
    </ClInclude>
    <ClInclude Include="src\BHive\Platforms\Opengl\OpenGLRendererAPI.h">
      <Filter>src\BHive\Platforms\Opengl</Filter>
    </ClInclude>
    <ClInclude Include="src\BHive\Platforms\Opengl\OpenGLShader.h">
      <Filter>src\BHive\Platforms\Opengl</Filter>
    </ClInclude>
    <ClInclude Include="src\BHive\Platforms\Opengl\OpenGLTexture.h">
      <Filter>src\BHive\Platforms\Opengl</Filter>
    </ClInclude>
    <ClInclude Include="src\BHive\Platforms\Opengl\OpenGLVertexArray.h">
      <Filter>src\BHive\Platforms\Opengl</Filter>
    </ClInclude>
    <ClInclude Include="src\BHive\Platforms\Windows\Window.h">
      <Filter>src\BHive\Platforms\Windows</Filter>
    </ClInclude>
    <ClInclude Include="src\BHive\Platforms\Windows\WindowWindows.h">
      <Filter>src\BHive\Platforms\Windows</Filter>
    </ClInclude>
    <ClInclude Include="src\BHive\Platforms\Windows\WindowsInput.h">
      <Filter>src\BHive\Platforms\Windows</Filter>
    </ClInclude>
    <ClInclude Include="src\BHive\Renderer\Buffer.h">
      <Filter>src\BHive\Renderer</Filter>
    </ClInclude>
    <ClInclude Include="src\BHive\Renderer\GraphicsContext.h">
      <Filter>src\BHive\Renderer</Filter>
    </ClInclude>
    <ClInclude Include="src\BHive\Renderer\RenderCommands.h">
      <Filter>src\BHive\Renderer</Filter>
    </ClInclude>
    <ClInclude Include="src\BHive\Renderer\Renderer.h">
      <Filter>src\BHive\Renderer</Filter>
    </ClInclude>
    <ClInclude Include="src\BHive\Renderer\Renderer2D.h">
      <Filter>src\BHive\Renderer</Filter>
    </ClInclude>
    <ClInclude Include="src\BHive\Renderer\RendererAPI.h">
      <Filter>src\BHive\Renderer</Filter>
    </ClInclude>
    <ClInclude Include="src\BHive\Renderer\Shader.h">
      <Filter>src\BHive\Renderer</Filter>
    </ClInclude>
    <ClInclude Include="src\BHive\Renderer\Texture.h">
      <Filter>src\BHive\Renderer</Filter>
    </ClInclude>
    <ClInclude Include="src\BHive\Renderer\VertexArray.h">
      <Filter>src\BHive\Renderer</Filter>
    </ClInclude>
    <ClInclude Include="src\BHive\Shapes\Plane.h">
      <Filter>src\BHive\Shapes</Filter>
    </ClInclude>
    <ClInclude Include="src\BHive\Shapes\Triangle.h">
      <Filter>src\BHive\Shapes</Filter>
    </ClInclude>
    <ClInclude Include="vendor\glm\include\glm\common.hpp">
      <Filter>vendor\glm\include\glm</Filter>
    </ClInclude>
    <ClInclude Include="vendor\glm\include\glm\detail\_features.hpp">
      <Filter>vendor\glm\include\glm\detail</Filter>
    </ClInclude>
    <ClInclude Include="vendor\glm\include\glm\detail\_fixes.hpp">
      <Filter>vendor\glm\include\glm\detail</Filter>
    </ClInclude>
    <ClInclude Include="vendor\glm\include\glm\detail\_noise.hpp">
      <Filter>vendor\glm\include\glm\detail</Filter>
    </ClInclude>
    <ClInclude Include="vendor\glm\include\glm\detail\_swizzle.hpp">
      <Filter>vendor\glm\include\glm\detail</Filter>
    </ClInclude>
    <ClInclude Include="vendor\glm\include\glm\detail\_swizzle_func.hpp">
      <Filter>vendor\glm\include\glm\detail</Filter>
    </ClInclude>
    <ClInclude Include="vendor\glm\include\glm\detail\_vectorize.hpp">
      <Filter>vendor\glm\include\glm\detail</Filter>
    </ClInclude>
    <ClInclude Include="vendor\glm\include\glm\detail\compute_common.hpp">
      <Filter>vendor\glm\include\glm\detail</Filter>
    </ClInclude>
    <ClInclude Include="vendor\glm\include\glm\detail\compute_vector_relational.hpp">
      <Filter>vendor\glm\include\glm\detail</Filter>
    </ClInclude>
    <ClInclude Include="vendor\glm\include\glm\detail\func_common.inl">
      <Filter>vendor\glm\include\glm\detail</Filter>
    </ClInclude>
    <ClInclude Include="vendor\glm\include\glm\detail\func_common_simd.inl">
      <Filter>vendor\glm\include\glm\detail</Filter>
    </ClInclude>
    <ClInclude Include="vendor\glm\include\glm\detail\func_exponential.inl">
      <Filter>vendor\glm\include\glm\detail</Filter>
    </ClInclude>
    <ClInclude Include="vendor\glm\include\glm\detail\func_exponential_simd.inl">
      <Filter>vendor\glm\include\glm\detail</Filter>
    </ClInclude>
    <ClInclude Include="vendor\glm\include\glm\detail\func_geometric.inl">
      <Filter>vendor\glm\include\glm\detail</Filter>
    </ClInclude>
    <ClInclude Include="vendor\glm\include\glm\detail\func_geometric_simd.inl">
      <Filter>vendor\glm\include\glm\detail</Filter>
    </ClInclude>
    <ClInclude Include="vendor\glm\include\glm\detail\func_integer.inl">
      <Filter>vendor\glm\include\glm\detail</Filter>
    </ClInclude>
    <ClInclude Include="vendor\glm\include\glm\detail\func_integer_simd.inl">
      <Filter>vendor\glm\include\glm\detail</Filter>
    </ClInclude>
    <ClInclude Include="vendor\glm\include\glm\detail\func_matrix.inl">
      <Filter>vendor\glm\include\glm\detail</Filter>
    </ClInclude>
    <ClInclude Include="vendor\glm\include\glm\detail\func_matrix_simd.inl">
      <Filter>vendor\glm\include\glm\detail</Filter>
    </ClInclude>
    <ClInclude Include="vendor\glm\include\glm\detail\func_packing.inl">
      <Filter>vendor\glm\include\glm\detail</Filter>
    </ClInclude>
    <ClInclude Include="vendor\glm\include\glm\detail\func_packing_simd.inl">
      <Filter>vendor\glm\include\glm\detail</Filter>
    </ClInclude>
    <ClInclude Include="vendor\glm\include\glm\detail\func_trigonometric.inl">
      <Filter>vendor\glm\include\glm\detail</Filter>
    </ClInclude>
    <ClInclude Include="vendor\glm\include\glm\detail\func_trigonometric_simd.inl">
      <Filter>vendor\glm\include\glm\detail</Filter>
    </ClInclude>
    <ClInclude Include="vendor\glm\include\glm\detail\func_vector_relational.inl">
      <Filter>vendor\glm\include\glm\detail</Filter>
    </ClInclude>
    <ClInclude Include="vendor\glm\include\glm\detail\func_vector_relational_simd.inl">
      <Filter>vendor\glm\include\glm\detail</Filter>
    </ClInclude>
    <ClInclude Include="vendor\glm\include\glm\detail\qualifier.hpp">
      <Filter>vendor\glm\include\glm\detail</Filter>
    </ClInclude>
    <ClInclude Include="vendor\glm\include\glm\detail\setup.hpp">
      <Filter>vendor\glm\include\glm\detail</Filter>
    </ClInclude>
    <ClInclude Include="vendor\glm\include\glm\detail\type_float.hpp">
      <Filter>vendor\glm\include\glm\detail</Filter>
    </ClInclude>
    <ClInclude Include="vendor\glm\include\glm\detail\type_half.hpp">
      <Filter>vendor\glm\include\glm\detail</Filter>
    </ClInclude>
    <ClInclude Include="vendor\glm\include\glm\detail\type_half.inl">
      <Filter>vendor\glm\include\glm\detail</Filter>
    </ClInclude>
    <ClInclude Include="vendor\glm\include\glm\detail\type_mat2x2.hpp">
      <Filter>vendor\glm\include\glm\detail</Filter>
    </ClInclude>
    <ClInclude Include="vendor\glm\include\glm\detail\type_mat2x2.inl">
      <Filter>vendor\glm\include\glm\detail</Filter>
    </ClInclude>
    <ClInclude Include="vendor\glm\include\glm\detail\type_mat2x3.hpp">
      <Filter>vendor\glm\include\glm\detail</Filter>
    </ClInclude>
    <ClInclude Include="vendor\glm\include\glm\detail\type_mat2x3.inl">
      <Filter>vendor\glm\include\glm\detail</Filter>
    </ClInclude>
    <ClInclude Include="vendor\glm\include\glm\detail\type_mat2x4.hpp">
      <Filter>vendor\glm\include\glm\detail</Filter>
    </ClInclude>
    <ClInclude Include="vendor\glm\include\glm\detail\type_mat2x4.inl">
      <Filter>vendor\glm\include\glm\detail</Filter>
    </ClInclude>
    <ClInclude Include="vendor\glm\include\glm\detail\type_mat3x2.hpp">
      <Filter>vendor\glm\include\glm\detail</Filter>
    </ClInclude>
    <ClInclude Include="vendor\glm\include\glm\detail\type_mat3x2.inl">
      <Filter>vendor\glm\include\glm\detail</Filter>
    </ClInclude>
    <ClInclude Include="vendor\glm\include\glm\detail\type_mat3x3.hpp">
      <Filter>vendor\glm\include\glm\detail</Filter>
    </ClInclude>
    <ClInclude Include="vendor\glm\include\glm\detail\type_mat3x3.inl">
      <Filter>vendor\glm\include\glm\detail</Filter>
    </ClInclude>
    <ClInclude Include="vendor\glm\include\glm\detail\type_mat3x4.hpp">
      <Filter>vendor\glm\include\glm\detail</Filter>
    </ClInclude>
    <ClInclude Include="vendor\glm\include\glm\detail\type_mat3x4.inl">
      <Filter>vendor\glm\include\glm\detail</Filter>
    </ClInclude>
    <ClInclude Include="vendor\glm\include\glm\detail\type_mat4x2.hpp">
      <Filter>vendor\glm\include\glm\detail</Filter>
    </ClInclude>
    <ClInclude Include="vendor\glm\include\glm\detail\type_mat4x2.inl">
      <Filter>vendor\glm\include\glm\detail</Filter>
    </ClInclude>
    <ClInclude Include="vendor\glm\include\glm\detail\type_mat4x3.hpp">
      <Filter>vendor\glm\include\glm\detail</Filter>
    </ClInclude>
    <ClInclude Include="vendor\glm\include\glm\detail\type_mat4x3.inl">
      <Filter>vendor\glm\include\glm\detail</Filter>
    </ClInclude>
    <ClInclude Include="vendor\glm\include\glm\detail\type_mat4x4.hpp">
      <Filter>vendor\glm\include\glm\detail</Filter>
    </ClInclude>
    <ClInclude Include="vendor\glm\include\glm\detail\type_mat4x4.inl">
      <Filter>vendor\glm\include\glm\detail</Filter>
    </ClInclude>
    <ClInclude Include="vendor\glm\include\glm\detail\type_mat4x4_simd.inl">
      <Filter>vendor\glm\include\glm\detail</Filter>
    </ClInclude>
    <ClInclude Include="vendor\glm\include\glm\detail\type_quat.hpp">
      <Filter>vendor\glm\include\glm\detail</Filter>
    </ClInclude>
    <ClInclude Include="vendor\glm\include\glm\detail\type_quat.inl">
      <Filter>vendor\glm\include\glm\detail</Filter>
    </ClInclude>
    <ClInclude Include="vendor\glm\include\glm\detail\type_quat_simd.inl">
      <Filter>vendor\glm\include\glm\detail</Filter>
    </ClInclude>
    <ClInclude Include="vendor\glm\include\glm\detail\type_vec1.hpp">
      <Filter>vendor\glm\include\glm\detail</Filter>
    </ClInclude>
    <ClInclude Include="vendor\glm\include\glm\detail\type_vec1.inl">
      <Filter>vendor\glm\include\glm\detail</Filter>
    </ClInclude>
    <ClInclude Include="vendor\glm\include\glm\detail\type_vec2.hpp">
      <Filter>vendor\glm\include\glm\detail</Filter>
    </ClInclude>
    <ClInclude Include="vendor\glm\include\glm\detail\type_vec2.inl">
      <Filter>vendor\glm\include\glm\detail</Filter>
    </ClInclude>
    <ClInclude Include="vendor\glm\include\glm\detail\type_vec3.hpp">
      <Filter>vendor\glm\include\glm\detail</Filter>
    </ClInclude>
    <ClInclude Include="vendor\glm\include\glm\detail\type_vec3.inl">
      <Filter>vendor\glm\include\glm\detail</Filter>
    </ClInclude>
    <ClInclude Include="vendor\glm\include\glm\detail\type_vec4.hpp">
      <Filter>vendor\glm\include\glm\detail</Filter>
    </ClInclude>
    <ClInclude Include="vendor\glm\include\glm\detail\type_vec4.inl">
      <Filter>vendor\glm\include\glm\detail</Filter>
    </ClInclude>
    <ClInclude Include="vendor\glm\include\glm\detail\type_vec4_simd.inl">
      <Filter>vendor\glm\include\glm\detail</Filter>
    </ClInclude>
    <ClInclude Include="vendor\glm\include\glm\exponential.hpp">
      <Filter>vendor\glm\include\glm</Filter>
    </ClInclude>
    <ClInclude Include="vendor\glm\include\glm\ext.hpp">
      <Filter>vendor\glm\include\glm</Filter>
    </ClInclude>
    <ClInclude Include="vendor\glm\include\glm\ext\matrix_clip_space.hpp">
      <Filter>vendor\glm\include\glm\ext</Filter>
    </ClInclude>
    <ClInclude Include="vendor\glm\include\glm\ext\matrix_clip_space.inl">
      <Filter>vendor\glm\include\glm\ext</Filter>
    </ClInclude>
    <ClInclude Include="vendor\glm\include\glm\ext\matrix_double2x2.hpp">
      <Filter>vendor\glm\include\glm\ext</Filter>
    </ClInclude>
    <ClInclude Include="vendor\glm\include\glm\ext\matrix_double2x2_precision.hpp">
      <Filter>vendor\glm\include\glm\ext</Filter>
    </ClInclude>
    <ClInclude Include="vendor\glm\include\glm\ext\matrix_double2x3.hpp">
      <Filter>vendor\glm\include\glm\ext</Filter>
    </ClInclude>
    <ClInclude Include="vendor\glm\include\glm\ext\matrix_double2x3_precision.hpp">
      <Filter>vendor\glm\include\glm\ext</Filter>
    </ClInclude>
    <ClInclude Include="vendor\glm\include\glm\ext\matrix_double2x4.hpp">
      <Filter>vendor\glm\include\glm\ext</Filter>
    </ClInclude>
    <ClInclude Include="vendor\glm\include\glm\ext\matrix_double2x4_precision.hpp">
      <Filter>vendor\glm\include\glm\ext</Filter>
    </ClInclude>
    <ClInclude Include="vendor\glm\include\glm\ext\matrix_double3x2.hpp">
      <Filter>vendor\glm\include\glm\ext</Filter>
    </ClInclude>
    <ClInclude Include="vendor\glm\include\glm\ext\matrix_double3x2_precision.hpp">
      <Filter>vendor\glm\include\glm\ext</Filter>
    </ClInclude>
    <ClInclude Include="vendor\glm\include\glm\ext\matrix_double3x3.hpp">
      <Filter>vendor\glm\include\glm\ext</Filter>
    </ClInclude>
    <ClInclude Include="vendor\glm\include\glm\ext\matrix_double3x3_precision.hpp">
      <Filter>vendor\glm\include\glm\ext</Filter>
    </ClInclude>
    <ClInclude Include="vendor\glm\include\glm\ext\matrix_double3x4.hpp">
      <Filter>vendor\glm\include\glm\ext</Filter>
    </ClInclude>
    <ClInclude Include="vendor\glm\include\glm\ext\matrix_double3x4_precision.hpp">
      <Filter>vendor\glm\include\glm\ext</Filter>
    </ClInclude>
    <ClInclude Include="vendor\glm\include\glm\ext\matrix_double4x2.hpp">
      <Filter>vendor\glm\include\glm\ext</Filter>
    </ClInclude>
    <ClInclude Include="vendor\glm\include\glm\ext\matrix_double4x2_precision.hpp">
      <Filter>vendor\glm\include\glm\ext</Filter>
    </ClInclude>
    <ClInclude Include="vendor\glm\include\glm\ext\matrix_double4x3.hpp">
      <Filter>vendor\glm\include\glm\ext</Filter>
    </ClInclude>
    <ClInclude Include="vendor\glm\include\glm\ext\matrix_double4x3_precision.hpp">
      <Filter>vendor\glm\include\glm\ext</Filter>
    </ClInclude>
    <ClInclude Include="vendor\glm\include\glm\ext\matrix_double4x4.hpp">
      <Filter>vendor\glm\include\glm\ext</Filter>
    </ClInclude>
    <ClInclude Include="vendor\glm\include\glm\ext\matrix_double4x4_precision.hpp">
      <Filter>vendor\glm\include\glm\ext</Filter>
    </ClInclude>
    <ClInclude Include="vendor\glm\include\glm\ext\matrix_float2x2.hpp">
      <Filter>vendor\glm\include\glm\ext</Filter>
    </ClInclude>
    <ClInclude Include="vendor\glm\include\glm\ext\matrix_float2x2_precision.hpp">
      <Filter>vendor\glm\include\glm\ext</Filter>
    </ClInclude>
    <ClInclude Include="vendor\glm\include\glm\ext\matrix_float2x3.hpp">
      <Filter>vendor\glm\include\glm\ext</Filter>
    </ClInclude>
    <ClInclude Include="vendor\glm\include\glm\ext\matrix_float2x3_precision.hpp">
      <Filter>vendor\glm\include\glm\ext</Filter>
    </ClInclude>
    <ClInclude Include="vendor\glm\include\glm\ext\matrix_float2x4.hpp">
      <Filter>vendor\glm\include\glm\ext</Filter>
    </ClInclude>
    <ClInclude Include="vendor\glm\include\glm\ext\matrix_float2x4_precision.hpp">
      <Filter>vendor\glm\include\glm\ext</Filter>
    </ClInclude>
    <ClInclude Include="vendor\glm\include\glm\ext\matrix_float3x2.hpp">
      <Filter>vendor\glm\include\glm\ext</Filter>
    </ClInclude>
    <ClInclude Include="vendor\glm\include\glm\ext\matrix_float3x2_precision.hpp">
      <Filter>vendor\glm\include\glm\ext</Filter>
    </ClInclude>
    <ClInclude Include="vendor\glm\include\glm\ext\matrix_float3x3.hpp">
      <Filter>vendor\glm\include\glm\ext</Filter>
    </ClInclude>
    <ClInclude Include="vendor\glm\include\glm\ext\matrix_float3x3_precision.hpp">
      <Filter>vendor\glm\include\glm\ext</Filter>
    </ClInclude>
    <ClInclude Include="vendor\glm\include\glm\ext\matrix_float3x4.hpp">
      <Filter>vendor\glm\include\glm\ext</Filter>
    </ClInclude>
    <ClInclude Include="vendor\glm\include\glm\ext\matrix_float3x4_precision.hpp">
      <Filter>vendor\glm\include\glm\ext</Filter>
    </ClInclude>
    <ClInclude Include="vendor\glm\include\glm\ext\matrix_float4x2.hpp">
      <Filter>vendor\glm\include\glm\ext</Filter>
    </ClInclude>
    <ClInclude Include="vendor\glm\include\glm\ext\matrix_float4x2_precision.hpp">
      <Filter>vendor\glm\include\glm\ext</Filter>
    </ClInclude>
    <ClInclude Include="vendor\glm\include\glm\ext\matrix_float4x3.hpp">
      <Filter>vendor\glm\include\glm\ext</Filter>
    </ClInclude>
    <ClInclude Include="vendor\glm\include\glm\ext\matrix_float4x3_precision.hpp">
      <Filter>vendor\glm\include\glm\ext</Filter>
    </ClInclude>
    <ClInclude Include="vendor\glm\include\glm\ext\matrix_float4x4.hpp">
      <Filter>vendor\glm\include\glm\ext</Filter>
    </ClInclude>
    <ClInclude Include="vendor\glm\include\glm\ext\matrix_float4x4_precision.hpp">
      <Filter>vendor\glm\include\glm\ext</Filter>
    </ClInclude>
    <ClInclude Include="vendor\glm\include\glm\ext\matrix_projection.hpp">
      <Filter>vendor\glm\include\glm\ext</Filter>
    </ClInclude>
    <ClInclude Include="vendor\glm\include\glm\ext\matrix_projection.inl">
      <Filter>vendor\glm\include\glm\ext</Filter>
    </ClInclude>
    <ClInclude Include="vendor\glm\include\glm\ext\matrix_relational.hpp">
      <Filter>vendor\glm\include\glm\ext</Filter>
    </ClInclude>
    <ClInclude Include="vendor\glm\include\glm\ext\matrix_relational.inl">
      <Filter>vendor\glm\include\glm\ext</Filter>
    </ClInclude>
    <ClInclude Include="vendor\glm\include\glm\ext\matrix_transform.hpp">
      <Filter>vendor\glm\include\glm\ext</Filter>
    </ClInclude>
    <ClInclude Include="vendor\glm\include\glm\ext\matrix_transform.inl">
      <Filter>vendor\glm\include\glm\ext</Filter>
    </ClInclude>
    <ClInclude Include="vendor\glm\include\glm\ext\quaternion_common.hpp">
      <Filter>vendor\glm\include\glm\ext</Filter>
    </ClInclude>
    <ClInclude Include="vendor\glm\include\glm\ext\quaternion_common.inl">
      <Filter>vendor\glm\include\glm\ext</Filter>
    </ClInclude>
    <ClInclude Include="vendor\glm\include\glm\ext\quaternion_common_simd.inl">
      <Filter>vendor\glm\include\glm\ext</Filter>
    </ClInclude>
    <ClInclude Include="vendor\glm\include\glm\ext\quaternion_double.hpp">
      <Filter>vendor\glm\include\glm\ext</Filter>
    </ClInclude>
    <ClInclude Include="vendor\glm\include\glm\ext\quaternion_double_precision.hpp">
      <Filter>vendor\glm\include\glm\ext</Filter>
    </ClInclude>
    <ClInclude Include="vendor\glm\include\glm\ext\quaternion_exponential.hpp">
      <Filter>vendor\glm\include\glm\ext</Filter>
    </ClInclude>
    <ClInclude Include="vendor\glm\include\glm\ext\quaternion_exponential.inl">
      <Filter>vendor\glm\include\glm\ext</Filter>
    </ClInclude>
    <ClInclude Include="vendor\glm\include\glm\ext\quaternion_float.hpp">
      <Filter>vendor\glm\include\glm\ext</Filter>
    </ClInclude>
    <ClInclude Include="vendor\glm\include\glm\ext\quaternion_float_precision.hpp">
      <Filter>vendor\glm\include\glm\ext</Filter>
    </ClInclude>
    <ClInclude Include="vendor\glm\include\glm\ext\quaternion_geometric.hpp">
      <Filter>vendor\glm\include\glm\ext</Filter>
    </ClInclude>
    <ClInclude Include="vendor\glm\include\glm\ext\quaternion_geometric.inl">
      <Filter>vendor\glm\include\glm\ext</Filter>
    </ClInclude>
    <ClInclude Include="vendor\glm\include\glm\ext\quaternion_relational.hpp">
      <Filter>vendor\glm\include\glm\ext</Filter>
    </ClInclude>
    <ClInclude Include="vendor\glm\include\glm\ext\quaternion_relational.inl">
      <Filter>vendor\glm\include\glm\ext</Filter>
    </ClInclude>
    <ClInclude Include="vendor\glm\include\glm\ext\quaternion_transform.hpp">
      <Filter>vendor\glm\include\glm\ext</Filter>
    </ClInclude>
    <ClInclude Include="vendor\glm\include\glm\ext\quaternion_transform.inl">
      <Filter>vendor\glm\include\glm\ext</Filter>
    </ClInclude>
    <ClInclude Include="vendor\glm\include\glm\ext\quaternion_trigonometric.hpp">
      <Filter>vendor\glm\include\glm\ext</Filter>
    </ClInclude>
    <ClInclude Include="vendor\glm\include\glm\ext\quaternion_trigonometric.inl">
      <Filter>vendor\glm\include\glm\ext</Filter>
    </ClInclude>
    <ClInclude Include="vendor\glm\include\glm\ext\scalar_common.hpp">
      <Filter>vendor\glm\include\glm\ext</Filter>
    </ClInclude>
    <ClInclude Include="vendor\glm\include\glm\ext\scalar_common.inl">
      <Filter>vendor\glm\include\glm\ext</Filter>
    </ClInclude>
    <ClInclude Include="vendor\glm\include\glm\ext\scalar_constants.hpp">
      <Filter>vendor\glm\include\glm\ext</Filter>
    </ClInclude>
    <ClInclude Include="vendor\glm\include\glm\ext\scalar_constants.inl">
      <Filter>vendor\glm\include\glm\ext</Filter>
    </ClInclude>
    <ClInclude Include="vendor\glm\include\glm\ext\scalar_int_sized.hpp">
      <Filter>vendor\glm\include\glm\ext</Filter>
    </ClInclude>
    <ClInclude Include="vendor\glm\include\glm\ext\scalar_relational.hpp">
      <Filter>vendor\glm\include\glm\ext</Filter>
    </ClInclude>
    <ClInclude Include="vendor\glm\include\glm\ext\scalar_relational.inl">
      <Filter>vendor\glm\include\glm\ext</Filter>
    </ClInclude>
    <ClInclude Include="vendor\glm\include\glm\ext\scalar_uint_sized.hpp">
      <Filter>vendor\glm\include\glm\ext</Filter>
    </ClInclude>
    <ClInclude Include="vendor\glm\include\glm\ext\scalar_ulp.hpp">
      <Filter>vendor\glm\include\glm\ext</Filter>
    </ClInclude>
    <ClInclude Include="vendor\glm\include\glm\ext\scalar_ulp.inl">
      <Filter>vendor\glm\include\glm\ext</Filter>
    </ClInclude>
    <ClInclude Include="vendor\glm\include\glm\ext\vector_bool1.hpp">
      <Filter>vendor\glm\include\glm\ext</Filter>
    </ClInclude>
    <ClInclude Include="vendor\glm\include\glm\ext\vector_bool1_precision.hpp">
      <Filter>vendor\glm\include\glm\ext</Filter>
    </ClInclude>
    <ClInclude Include="vendor\glm\include\glm\ext\vector_bool2.hpp">
      <Filter>vendor\glm\include\glm\ext</Filter>
    </ClInclude>
    <ClInclude Include="vendor\glm\include\glm\ext\vector_bool2_precision.hpp">
      <Filter>vendor\glm\include\glm\ext</Filter>
    </ClInclude>
    <ClInclude Include="vendor\glm\include\glm\ext\vector_bool3.hpp">
      <Filter>vendor\glm\include\glm\ext</Filter>
    </ClInclude>
    <ClInclude Include="vendor\glm\include\glm\ext\vector_bool3_precision.hpp">
      <Filter>vendor\glm\include\glm\ext</Filter>
    </ClInclude>
    <ClInclude Include="vendor\glm\include\glm\ext\vector_bool4.hpp">
      <Filter>vendor\glm\include\glm\ext</Filter>
    </ClInclude>
    <ClInclude Include="vendor\glm\include\glm\ext\vector_bool4_precision.hpp">
      <Filter>vendor\glm\include\glm\ext</Filter>
    </ClInclude>
    <ClInclude Include="vendor\glm\include\glm\ext\vector_common.hpp">
      <Filter>vendor\glm\include\glm\ext</Filter>
    </ClInclude>
    <ClInclude Include="vendor\glm\include\glm\ext\vector_common.inl">
      <Filter>vendor\glm\include\glm\ext</Filter>
    </ClInclude>
    <ClInclude Include="vendor\glm\include\glm\ext\vector_double1.hpp">
      <Filter>vendor\glm\include\glm\ext</Filter>
    </ClInclude>
    <ClInclude Include="vendor\glm\include\glm\ext\vector_double1_precision.hpp">
      <Filter>vendor\glm\include\glm\ext</Filter>
    </ClInclude>
    <ClInclude Include="vendor\glm\include\glm\ext\vector_double2.hpp">
      <Filter>vendor\glm\include\glm\ext</Filter>
    </ClInclude>
    <ClInclude Include="vendor\glm\include\glm\ext\vector_double2_precision.hpp">
      <Filter>vendor\glm\include\glm\ext</Filter>
    </ClInclude>
    <ClInclude Include="vendor\glm\include\glm\ext\vector_double3.hpp">
      <Filter>vendor\glm\include\glm\ext</Filter>
    </ClInclude>
    <ClInclude Include="vendor\glm\include\glm\ext\vector_double3_precision.hpp">
      <Filter>vendor\glm\include\glm\ext</Filter>
    </ClInclude>
    <ClInclude Include="vendor\glm\include\glm\ext\vector_double4.hpp">
      <Filter>vendor\glm\include\glm\ext</Filter>
    </ClInclude>
    <ClInclude Include="vendor\glm\include\glm\ext\vector_double4_precision.hpp">
      <Filter>vendor\glm\include\glm\ext</Filter>
    </ClInclude>
    <ClInclude Include="vendor\glm\include\glm\ext\vector_float1.hpp">
      <Filter>vendor\glm\include\glm\ext</Filter>
    </ClInclude>
    <ClInclude Include="vendor\glm\include\glm\ext\vector_float1_precision.hpp">
      <Filter>vendor\glm\include\glm\ext</Filter>
    </ClInclude>
    <ClInclude Include="vendor\glm\include\glm\ext\vector_float2.hpp">
      <Filter>vendor\glm\include\glm\ext</Filter>
    </ClInclude>
    <ClInclude Include="vendor\glm\include\glm\ext\vector_float2_precision.hpp">
      <Filter>vendor\glm\include\glm\ext</Filter>
    </ClInclude>
    <ClInclude Include="vendor\glm\include\glm\ext\vector_float3.hpp">
      <Filter>vendor\glm\include\glm\ext</Filter>
    </ClInclude>
    <ClInclude Include="vendor\glm\include\glm\ext\vector_float3_precision.hpp">
      <Filter>vendor\glm\include\glm\ext</Filter>
    </ClInclude>
    <ClInclude Include="vendor\glm\include\glm\ext\vector_float4.hpp">
      <Filter>vendor\glm\include\glm\ext</Filter>
    </ClInclude>
    <ClInclude Include="vendor\glm\include\glm\ext\vector_float4_precision.hpp">
      <Filter>vendor\glm\include\glm\ext</Filter>
    </ClInclude>
    <ClInclude Include="vendor\glm\include\glm\ext\vector_int1.hpp">
      <Filter>vendor\glm\include\glm\ext</Filter>
    </ClInclude>
    <ClInclude Include="vendor\glm\include\glm\ext\vector_int1_precision.hpp">
      <Filter>vendor\glm\include\glm\ext</Filter>
    </ClInclude>
    <ClInclude Include="vendor\glm\include\glm\ext\vector_int2.hpp">
      <Filter>vendor\glm\include\glm\ext</Filter>
    </ClInclude>
    <ClInclude Include="vendor\glm\include\glm\ext\vector_int2_precision.hpp">
      <Filter>vendor\glm\include\glm\ext</Filter>
    </ClInclude>
    <ClInclude Include="vendor\glm\include\glm\ext\vector_int3.hpp">
      <Filter>vendor\glm\include\glm\ext</Filter>
    </ClInclude>
    <ClInclude Include="vendor\glm\include\glm\ext\vector_int3_precision.hpp">
      <Filter>vendor\glm\include\glm\ext</Filter>
    </ClInclude>
    <ClInclude Include="vendor\glm\include\glm\ext\vector_int4.hpp">
      <Filter>vendor\glm\include\glm\ext</Filter>
    </ClInclude>
    <ClInclude Include="vendor\glm\include\glm\ext\vector_int4_precision.hpp">
      <Filter>vendor\glm\include\glm\ext</Filter>
    </ClInclude>
    <ClInclude Include="vendor\glm\include\glm\ext\vector_relational.hpp">
      <Filter>vendor\glm\include\glm\ext</Filter>
    </ClInclude>
    <ClInclude Include="vendor\glm\include\glm\ext\vector_relational.inl">
      <Filter>vendor\glm\include\glm\ext</Filter>
    </ClInclude>
    <ClInclude Include="vendor\glm\include\glm\ext\vector_uint1.hpp">
      <Filter>vendor\glm\include\glm\ext</Filter>
    </ClInclude>
    <ClInclude Include="vendor\glm\include\glm\ext\vector_uint1_precision.hpp">
      <Filter>vendor\glm\include\glm\ext</Filter>
    </ClInclude>
    <ClInclude Include="vendor\glm\include\glm\ext\vector_uint2.hpp">
      <Filter>vendor\glm\include\glm\ext</Filter>
    </ClInclude>
    <ClInclude Include="vendor\glm\include\glm\ext\vector_uint2_precision.hpp">
      <Filter>vendor\glm\include\glm\ext</Filter>
    </ClInclude>
    <ClInclude Include="vendor\glm\include\glm\ext\vector_uint3.hpp">
      <Filter>vendor\glm\include\glm\ext</Filter>
    </ClInclude>
    <ClInclude Include="vendor\glm\include\glm\ext\vector_uint3_precision.hpp">
      <Filter>vendor\glm\include\glm\ext</Filter>
    </ClInclude>
    <ClInclude Include="vendor\glm\include\glm\ext\vector_uint4.hpp">
      <Filter>vendor\glm\include\glm\ext</Filter>
    </ClInclude>
    <ClInclude Include="vendor\glm\include\glm\ext\vector_uint4_precision.hpp">
      <Filter>vendor\glm\include\glm\ext</Filter>
    </ClInclude>
    <ClInclude Include="vendor\glm\include\glm\ext\vector_ulp.hpp">
      <Filter>vendor\glm\include\glm\ext</Filter>
    </ClInclude>
    <ClInclude Include="vendor\glm\include\glm\ext\vector_ulp.inl">
      <Filter>vendor\glm\include\glm\ext</Filter>
    </ClInclude>
    <ClInclude Include="vendor\glm\include\glm\fwd.hpp">
      <Filter>vendor\glm\include\glm</Filter>
    </ClInclude>
    <ClInclude Include="vendor\glm\include\glm\geometric.hpp">
      <Filter>vendor\glm\include\glm</Filter>
    </ClInclude>
    <ClInclude Include="vendor\glm\include\glm\glm.hpp">
      <Filter>vendor\glm\include\glm</Filter>
    </ClInclude>
    <ClInclude Include="vendor\glm\include\glm\gtc\bitfield.hpp">
      <Filter>vendor\glm\include\glm\gtc</Filter>
    </ClInclude>
    <ClInclude Include="vendor\glm\include\glm\gtc\bitfield.inl">
      <Filter>vendor\glm\include\glm\gtc</Filter>
    </ClInclude>
    <ClInclude Include="vendor\glm\include\glm\gtc\color_space.hpp">
      <Filter>vendor\glm\include\glm\gtc</Filter>
    </ClInclude>
    <ClInclude Include="vendor\glm\include\glm\gtc\color_space.inl">
      <Filter>vendor\glm\include\glm\gtc</Filter>
    </ClInclude>
    <ClInclude Include="vendor\glm\include\glm\gtc\constants.hpp">
      <Filter>vendor\glm\include\glm\gtc</Filter>
    </ClInclude>
    <ClInclude Include="vendor\glm\include\glm\gtc\constants.inl">
      <Filter>vendor\glm\include\glm\gtc</Filter>
    </ClInclude>
    <ClInclude Include="vendor\glm\include\glm\gtc\epsilon.hpp">
      <Filter>vendor\glm\include\glm\gtc</Filter>
    </ClInclude>
    <ClInclude Include="vendor\glm\include\glm\gtc\epsilon.inl">
      <Filter>vendor\glm\include\glm\gtc</Filter>
    </ClInclude>
    <ClInclude Include="vendor\glm\include\glm\gtc\integer.hpp">
      <Filter>vendor\glm\include\glm\gtc</Filter>
    </ClInclude>
    <ClInclude Include="vendor\glm\include\glm\gtc\integer.inl">
      <Filter>vendor\glm\include\glm\gtc</Filter>
    </ClInclude>
    <ClInclude Include="vendor\glm\include\glm\gtc\matrix_access.hpp">
      <Filter>vendor\glm\include\glm\gtc</Filter>
    </ClInclude>
    <ClInclude Include="vendor\glm\include\glm\gtc\matrix_access.inl">
      <Filter>vendor\glm\include\glm\gtc</Filter>
    </ClInclude>
    <ClInclude Include="vendor\glm\include\glm\gtc\matrix_integer.hpp">
      <Filter>vendor\glm\include\glm\gtc</Filter>
    </ClInclude>
    <ClInclude Include="vendor\glm\include\glm\gtc\matrix_inverse.hpp">
      <Filter>vendor\glm\include\glm\gtc</Filter>
    </ClInclude>
    <ClInclude Include="vendor\glm\include\glm\gtc\matrix_inverse.inl">
      <Filter>vendor\glm\include\glm\gtc</Filter>
    </ClInclude>
    <ClInclude Include="vendor\glm\include\glm\gtc\matrix_transform.hpp">
      <Filter>vendor\glm\include\glm\gtc</Filter>
    </ClInclude>
    <ClInclude Include="vendor\glm\include\glm\gtc\matrix_transform.inl">
      <Filter>vendor\glm\include\glm\gtc</Filter>
    </ClInclude>
    <ClInclude Include="vendor\glm\include\glm\gtc\noise.hpp">
      <Filter>vendor\glm\include\glm\gtc</Filter>
    </ClInclude>
    <ClInclude Include="vendor\glm\include\glm\gtc\noise.inl">
      <Filter>vendor\glm\include\glm\gtc</Filter>
    </ClInclude>
    <ClInclude Include="vendor\glm\include\glm\gtc\packing.hpp">
      <Filter>vendor\glm\include\glm\gtc</Filter>
    </ClInclude>
    <ClInclude Include="vendor\glm\include\glm\gtc\packing.inl">
      <Filter>vendor\glm\include\glm\gtc</Filter>
    </ClInclude>
    <ClInclude Include="vendor\glm\include\glm\gtc\quaternion.hpp">
      <Filter>vendor\glm\include\glm\gtc</Filter>
    </ClInclude>
    <ClInclude Include="vendor\glm\include\glm\gtc\quaternion.inl">
      <Filter>vendor\glm\include\glm\gtc</Filter>
    </ClInclude>
    <ClInclude Include="vendor\glm\include\glm\gtc\quaternion_simd.inl">
      <Filter>vendor\glm\include\glm\gtc</Filter>
    </ClInclude>
    <ClInclude Include="vendor\glm\include\glm\gtc\random.hpp">
      <Filter>vendor\glm\include\glm\gtc</Filter>
    </ClInclude>
    <ClInclude Include="vendor\glm\include\glm\gtc\random.inl">
      <Filter>vendor\glm\include\glm\gtc</Filter>
    </ClInclude>
    <ClInclude Include="vendor\glm\include\glm\gtc\reciprocal.hpp">
      <Filter>vendor\glm\include\glm\gtc</Filter>
    </ClInclude>
    <ClInclude Include="vendor\glm\include\glm\gtc\reciprocal.inl">
      <Filter>vendor\glm\include\glm\gtc</Filter>
    </ClInclude>
    <ClInclude Include="vendor\glm\include\glm\gtc\round.hpp">
      <Filter>vendor\glm\include\glm\gtc</Filter>
    </ClInclude>
    <ClInclude Include="vendor\glm\include\glm\gtc\round.inl">
      <Filter>vendor\glm\include\glm\gtc</Filter>
    </ClInclude>
    <ClInclude Include="vendor\glm\include\glm\gtc\type_aligned.hpp">
      <Filter>vendor\glm\include\glm\gtc</Filter>
    </ClInclude>
    <ClInclude Include="vendor\glm\include\glm\gtc\type_precision.hpp">
      <Filter>vendor\glm\include\glm\gtc</Filter>
    </ClInclude>
    <ClInclude Include="vendor\glm\include\glm\gtc\type_precision.inl">
      <Filter>vendor\glm\include\glm\gtc</Filter>
    </ClInclude>
    <ClInclude Include="vendor\glm\include\glm\gtc\type_ptr.hpp">
      <Filter>vendor\glm\include\glm\gtc</Filter>
    </ClInclude>
    <ClInclude Include="vendor\glm\include\glm\gtc\type_ptr.inl">
      <Filter>vendor\glm\include\glm\gtc</Filter>
    </ClInclude>
    <ClInclude Include="vendor\glm\include\glm\gtc\ulp.hpp">
      <Filter>vendor\glm\include\glm\gtc</Filter>
    </ClInclude>
    <ClInclude Include="vendor\glm\include\glm\gtc\ulp.inl">
      <Filter>vendor\glm\include\glm\gtc</Filter>
    </ClInclude>
    <ClInclude Include="vendor\glm\include\glm\gtc\vec1.hpp">
      <Filter>vendor\glm\include\glm\gtc</Filter>
    </ClInclude>
    <ClInclude Include="vendor\glm\include\glm\gtx\associated_min_max.hpp">
      <Filter>vendor\glm\include\glm\gtx</Filter>
    </ClInclude>
    <ClInclude Include="vendor\glm\include\glm\gtx\associated_min_max.inl">
      <Filter>vendor\glm\include\glm\gtx</Filter>
    </ClInclude>
    <ClInclude Include="vendor\glm\include\glm\gtx\bit.hpp">
      <Filter>vendor\glm\include\glm\gtx</Filter>
    </ClInclude>
    <ClInclude Include="vendor\glm\include\glm\gtx\bit.inl">
      <Filter>vendor\glm\include\glm\gtx</Filter>
    </ClInclude>
    <ClInclude Include="vendor\glm\include\glm\gtx\closest_point.hpp">
      <Filter>vendor\glm\include\glm\gtx</Filter>
    </ClInclude>
    <ClInclude Include="vendor\glm\include\glm\gtx\closest_point.inl">
      <Filter>vendor\glm\include\glm\gtx</Filter>
    </ClInclude>
    <ClInclude Include="vendor\glm\include\glm\gtx\color_encoding.hpp">
      <Filter>vendor\glm\include\glm\gtx</Filter>
    </ClInclude>
    <ClInclude Include="vendor\glm\include\glm\gtx\color_encoding.inl">
      <Filter>vendor\glm\include\glm\gtx</Filter>
    </ClInclude>
    <ClInclude Include="vendor\glm\include\glm\gtx\color_space.hpp">
      <Filter>vendor\glm\include\glm\gtx</Filter>
    </ClInclude>
    <ClInclude Include="vendor\glm\include\glm\gtx\color_space.inl">
      <Filter>vendor\glm\include\glm\gtx</Filter>
    </ClInclude>
    <ClInclude Include="vendor\glm\include\glm\gtx\color_space_YCoCg.hpp">
      <Filter>vendor\glm\include\glm\gtx</Filter>
    </ClInclude>
    <ClInclude Include="vendor\glm\include\glm\gtx\color_space_YCoCg.inl">
      <Filter>vendor\glm\include\glm\gtx</Filter>
    </ClInclude>
    <ClInclude Include="vendor\glm\include\glm\gtx\common.hpp">
      <Filter>vendor\glm\include\glm\gtx</Filter>
    </ClInclude>
    <ClInclude Include="vendor\glm\include\glm\gtx\common.inl">
      <Filter>vendor\glm\include\glm\gtx</Filter>
    </ClInclude>
    <ClInclude Include="vendor\glm\include\glm\gtx\compatibility.hpp">
      <Filter>vendor\glm\include\glm\gtx</Filter>
    </ClInclude>
    <ClInclude Include="vendor\glm\include\glm\gtx\compatibility.inl">
      <Filter>vendor\glm\include\glm\gtx</Filter>
    </ClInclude>
    <ClInclude Include="vendor\glm\include\glm\gtx\component_wise.hpp">
      <Filter>vendor\glm\include\glm\gtx</Filter>
    </ClInclude>
    <ClInclude Include="vendor\glm\include\glm\gtx\component_wise.inl">
      <Filter>vendor\glm\include\glm\gtx</Filter>
    </ClInclude>
    <ClInclude Include="vendor\glm\include\glm\gtx\dual_quaternion.hpp">
      <Filter>vendor\glm\include\glm\gtx</Filter>
    </ClInclude>
    <ClInclude Include="vendor\glm\include\glm\gtx\dual_quaternion.inl">
      <Filter>vendor\glm\include\glm\gtx</Filter>
    </ClInclude>
    <ClInclude Include="vendor\glm\include\glm\gtx\easing.hpp">
      <Filter>vendor\glm\include\glm\gtx</Filter>
    </ClInclude>
    <ClInclude Include="vendor\glm\include\glm\gtx\easing.inl">
      <Filter>vendor\glm\include\glm\gtx</Filter>
    </ClInclude>
    <ClInclude Include="vendor\glm\include\glm\gtx\euler_angles.hpp">
      <Filter>vendor\glm\include\glm\gtx</Filter>
    </ClInclude>
    <ClInclude Include="vendor\glm\include\glm\gtx\euler_angles.inl">
      <Filter>vendor\glm\include\glm\gtx</Filter>
    </ClInclude>
    <ClInclude Include="vendor\glm\include\glm\gtx\extend.hpp">
      <Filter>vendor\glm\include\glm\gtx</Filter>
    </ClInclude>
    <ClInclude Include="vendor\glm\include\glm\gtx\extend.inl">
      <Filter>vendor\glm\include\glm\gtx</Filter>
    </ClInclude>
    <ClInclude Include="vendor\glm\include\glm\gtx\extended_min_max.hpp">
      <Filter>vendor\glm\include\glm\gtx</Filter>
    </ClInclude>
    <ClInclude Include="vendor\glm\include\glm\gtx\extended_min_max.inl">
      <Filter>vendor\glm\include\glm\gtx</Filter>
    </ClInclude>
    <ClInclude Include="vendor\glm\include\glm\gtx\exterior_product.hpp">
      <Filter>vendor\glm\include\glm\gtx</Filter>
    </ClInclude>
    <ClInclude Include="vendor\glm\include\glm\gtx\exterior_product.inl">
      <Filter>vendor\glm\include\glm\gtx</Filter>
    </ClInclude>
    <ClInclude Include="vendor\glm\include\glm\gtx\fast_exponential.hpp">
      <Filter>vendor\glm\include\glm\gtx</Filter>
    </ClInclude>
    <ClInclude Include="vendor\glm\include\glm\gtx\fast_exponential.inl">
      <Filter>vendor\glm\include\glm\gtx</Filter>
    </ClInclude>
    <ClInclude Include="vendor\glm\include\glm\gtx\fast_square_root.hpp">
      <Filter>vendor\glm\include\glm\gtx</Filter>
    </ClInclude>
    <ClInclude Include="vendor\glm\include\glm\gtx\fast_square_root.inl">
      <Filter>vendor\glm\include\glm\gtx</Filter>
    </ClInclude>
    <ClInclude Include="vendor\glm\include\glm\gtx\fast_trigonometry.hpp">
      <Filter>vendor\glm\include\glm\gtx</Filter>
    </ClInclude>
    <ClInclude Include="vendor\glm\include\glm\gtx\fast_trigonometry.inl">
      <Filter>vendor\glm\include\glm\gtx</Filter>
    </ClInclude>
    <ClInclude Include="vendor\glm\include\glm\gtx\float_notmalize.inl">
      <Filter>vendor\glm\include\glm\gtx</Filter>
    </ClInclude>
    <ClInclude Include="vendor\glm\include\glm\gtx\functions.hpp">
      <Filter>vendor\glm\include\glm\gtx</Filter>
    </ClInclude>
    <ClInclude Include="vendor\glm\include\glm\gtx\functions.inl">
      <Filter>vendor\glm\include\glm\gtx</Filter>
    </ClInclude>
    <ClInclude Include="vendor\glm\include\glm\gtx\gradient_paint.hpp">
      <Filter>vendor\glm\include\glm\gtx</Filter>
    </ClInclude>
    <ClInclude Include="vendor\glm\include\glm\gtx\gradient_paint.inl">
      <Filter>vendor\glm\include\glm\gtx</Filter>
    </ClInclude>
    <ClInclude Include="vendor\glm\include\glm\gtx\handed_coordinate_space.hpp">
      <Filter>vendor\glm\include\glm\gtx</Filter>
    </ClInclude>
    <ClInclude Include="vendor\glm\include\glm\gtx\handed_coordinate_space.inl">
      <Filter>vendor\glm\include\glm\gtx</Filter>
    </ClInclude>
    <ClInclude Include="vendor\glm\include\glm\gtx\hash.hpp">
      <Filter>vendor\glm\include\glm\gtx</Filter>
    </ClInclude>
    <ClInclude Include="vendor\glm\include\glm\gtx\hash.inl">
      <Filter>vendor\glm\include\glm\gtx</Filter>
    </ClInclude>
    <ClInclude Include="vendor\glm\include\glm\gtx\integer.hpp">
      <Filter>vendor\glm\include\glm\gtx</Filter>
    </ClInclude>
    <ClInclude Include="vendor\glm\include\glm\gtx\integer.inl">
      <Filter>vendor\glm\include\glm\gtx</Filter>
    </ClInclude>
    <ClInclude Include="vendor\glm\include\glm\gtx\intersect.hpp">
      <Filter>vendor\glm\include\glm\gtx</Filter>
    </ClInclude>
    <ClInclude Include="vendor\glm\include\glm\gtx\intersect.inl">
      <Filter>vendor\glm\include\glm\gtx</Filter>
    </ClInclude>
    <ClInclude Include="vendor\glm\include\glm\gtx\io.hpp">
      <Filter>vendor\glm\include\glm\gtx</Filter>
    </ClInclude>
    <ClInclude Include="vendor\glm\include\glm\gtx\io.inl">
      <Filter>vendor\glm\include\glm\gtx</Filter>
    </ClInclude>
    <ClInclude Include="vendor\glm\include\glm\gtx\log_base.hpp">
      <Filter>vendor\glm\include\glm\gtx</Filter>
    </ClInclude>
    <ClInclude Include="vendor\glm\include\glm\gtx\log_base.inl">
      <Filter>vendor\glm\include\glm\gtx</Filter>
    </ClInclude>
    <ClInclude Include="vendor\glm\include\glm\gtx\matrix_cross_product.hpp">
      <Filter>vendor\glm\include\glm\gtx</Filter>
    </ClInclude>
    <ClInclude Include="vendor\glm\include\glm\gtx\matrix_cross_product.inl">
      <Filter>vendor\glm\include\glm\gtx</Filter>
    </ClInclude>
    <ClInclude Include="vendor\glm\include\glm\gtx\matrix_decompose.hpp">
      <Filter>vendor\glm\include\glm\gtx</Filter>
    </ClInclude>
    <ClInclude Include="vendor\glm\include\glm\gtx\matrix_decompose.inl">
      <Filter>vendor\glm\include\glm\gtx</Filter>
    </ClInclude>
    <ClInclude Include="vendor\glm\include\glm\gtx\matrix_factorisation.hpp">
      <Filter>vendor\glm\include\glm\gtx</Filter>
    </ClInclude>
    <ClInclude Include="vendor\glm\include\glm\gtx\matrix_factorisation.inl">
      <Filter>vendor\glm\include\glm\gtx</Filter>
    </ClInclude>
    <ClInclude Include="vendor\glm\include\glm\gtx\matrix_interpolation.hpp">
      <Filter>vendor\glm\include\glm\gtx</Filter>
    </ClInclude>
    <ClInclude Include="vendor\glm\include\glm\gtx\matrix_interpolation.inl">
      <Filter>vendor\glm\include\glm\gtx</Filter>
    </ClInclude>
    <ClInclude Include="vendor\glm\include\glm\gtx\matrix_major_storage.hpp">
      <Filter>vendor\glm\include\glm\gtx</Filter>
    </ClInclude>
    <ClInclude Include="vendor\glm\include\glm\gtx\matrix_major_storage.inl">
      <Filter>vendor\glm\include\glm\gtx</Filter>
    </ClInclude>
    <ClInclude Include="vendor\glm\include\glm\gtx\matrix_operation.hpp">
      <Filter>vendor\glm\include\glm\gtx</Filter>
    </ClInclude>
    <ClInclude Include="vendor\glm\include\glm\gtx\matrix_operation.inl">
      <Filter>vendor\glm\include\glm\gtx</Filter>
    </ClInclude>
    <ClInclude Include="vendor\glm\include\glm\gtx\matrix_query.hpp">
      <Filter>vendor\glm\include\glm\gtx</Filter>
    </ClInclude>
    <ClInclude Include="vendor\glm\include\glm\gtx\matrix_query.inl">
      <Filter>vendor\glm\include\glm\gtx</Filter>
    </ClInclude>
    <ClInclude Include="vendor\glm\include\glm\gtx\matrix_transform_2d.hpp">
      <Filter>vendor\glm\include\glm\gtx</Filter>
    </ClInclude>
    <ClInclude Include="vendor\glm\include\glm\gtx\matrix_transform_2d.inl">
      <Filter>vendor\glm\include\glm\gtx</Filter>
    </ClInclude>
    <ClInclude Include="vendor\glm\include\glm\gtx\mixed_product.hpp">
      <Filter>vendor\glm\include\glm\gtx</Filter>
    </ClInclude>
    <ClInclude Include="vendor\glm\include\glm\gtx\mixed_product.inl">
      <Filter>vendor\glm\include\glm\gtx</Filter>
    </ClInclude>
    <ClInclude Include="vendor\glm\include\glm\gtx\norm.hpp">
      <Filter>vendor\glm\include\glm\gtx</Filter>
    </ClInclude>
    <ClInclude Include="vendor\glm\include\glm\gtx\norm.inl">
      <Filter>vendor\glm\include\glm\gtx</Filter>
    </ClInclude>
    <ClInclude Include="vendor\glm\include\glm\gtx\normal.hpp">
      <Filter>vendor\glm\include\glm\gtx</Filter>
    </ClInclude>
    <ClInclude Include="vendor\glm\include\glm\gtx\normal.inl">
      <Filter>vendor\glm\include\glm\gtx</Filter>
    </ClInclude>
    <ClInclude Include="vendor\glm\include\glm\gtx\normalize_dot.hpp">
      <Filter>vendor\glm\include\glm\gtx</Filter>
    </ClInclude>
    <ClInclude Include="vendor\glm\include\glm\gtx\normalize_dot.inl">
      <Filter>vendor\glm\include\glm\gtx</Filter>
    </ClInclude>
    <ClInclude Include="vendor\glm\include\glm\gtx\number_precision.hpp">
      <Filter>vendor\glm\include\glm\gtx</Filter>
    </ClInclude>
    <ClInclude Include="vendor\glm\include\glm\gtx\number_precision.inl">
      <Filter>vendor\glm\include\glm\gtx</Filter>
    </ClInclude>
    <ClInclude Include="vendor\glm\include\glm\gtx\optimum_pow.hpp">
      <Filter>vendor\glm\include\glm\gtx</Filter>
    </ClInclude>
    <ClInclude Include="vendor\glm\include\glm\gtx\optimum_pow.inl">
      <Filter>vendor\glm\include\glm\gtx</Filter>
    </ClInclude>
    <ClInclude Include="vendor\glm\include\glm\gtx\orthonormalize.hpp">
      <Filter>vendor\glm\include\glm\gtx</Filter>
    </ClInclude>
    <ClInclude Include="vendor\glm\include\glm\gtx\orthonormalize.inl">
      <Filter>vendor\glm\include\glm\gtx</Filter>
    </ClInclude>
    <ClInclude Include="vendor\glm\include\glm\gtx\perpendicular.hpp">
      <Filter>vendor\glm\include\glm\gtx</Filter>
    </ClInclude>
    <ClInclude Include="vendor\glm\include\glm\gtx\perpendicular.inl">
      <Filter>vendor\glm\include\glm\gtx</Filter>
    </ClInclude>
    <ClInclude Include="vendor\glm\include\glm\gtx\polar_coordinates.hpp">
      <Filter>vendor\glm\include\glm\gtx</Filter>
    </ClInclude>
    <ClInclude Include="vendor\glm\include\glm\gtx\polar_coordinates.inl">
      <Filter>vendor\glm\include\glm\gtx</Filter>
    </ClInclude>
    <ClInclude Include="vendor\glm\include\glm\gtx\projection.hpp">
      <Filter>vendor\glm\include\glm\gtx</Filter>
    </ClInclude>
    <ClInclude Include="vendor\glm\include\glm\gtx\projection.inl">
      <Filter>vendor\glm\include\glm\gtx</Filter>
    </ClInclude>
    <ClInclude Include="vendor\glm\include\glm\gtx\quaternion.hpp">
      <Filter>vendor\glm\include\glm\gtx</Filter>
    </ClInclude>
    <ClInclude Include="vendor\glm\include\glm\gtx\quaternion.inl">
      <Filter>vendor\glm\include\glm\gtx</Filter>
    </ClInclude>
    <ClInclude Include="vendor\glm\include\glm\gtx\range.hpp">
      <Filter>vendor\glm\include\glm\gtx</Filter>
    </ClInclude>
    <ClInclude Include="vendor\glm\include\glm\gtx\raw_data.hpp">
      <Filter>vendor\glm\include\glm\gtx</Filter>
    </ClInclude>
    <ClInclude Include="vendor\glm\include\glm\gtx\raw_data.inl">
      <Filter>vendor\glm\include\glm\gtx</Filter>
    </ClInclude>
    <ClInclude Include="vendor\glm\include\glm\gtx\rotate_normalized_axis.hpp">
      <Filter>vendor\glm\include\glm\gtx</Filter>
    </ClInclude>
    <ClInclude Include="vendor\glm\include\glm\gtx\rotate_normalized_axis.inl">
      <Filter>vendor\glm\include\glm\gtx</Filter>
    </ClInclude>
    <ClInclude Include="vendor\glm\include\glm\gtx\rotate_vector.hpp">
      <Filter>vendor\glm\include\glm\gtx</Filter>
    </ClInclude>
    <ClInclude Include="vendor\glm\include\glm\gtx\rotate_vector.inl">
      <Filter>vendor\glm\include\glm\gtx</Filter>
    </ClInclude>
    <ClInclude Include="vendor\glm\include\glm\gtx\scalar_multiplication.hpp">
      <Filter>vendor\glm\include\glm\gtx</Filter>
    </ClInclude>
    <ClInclude Include="vendor\glm\include\glm\gtx\scalar_relational.hpp">
      <Filter>vendor\glm\include\glm\gtx</Filter>
    </ClInclude>
    <ClInclude Include="vendor\glm\include\glm\gtx\scalar_relational.inl">
      <Filter>vendor\glm\include\glm\gtx</Filter>
    </ClInclude>
    <ClInclude Include="vendor\glm\include\glm\gtx\spline.hpp">
      <Filter>vendor\glm\include\glm\gtx</Filter>
    </ClInclude>
    <ClInclude Include="vendor\glm\include\glm\gtx\spline.inl">
      <Filter>vendor\glm\include\glm\gtx</Filter>
    </ClInclude>
    <ClInclude Include="vendor\glm\include\glm\gtx\std_based_type.hpp">
      <Filter>vendor\glm\include\glm\gtx</Filter>
    </ClInclude>
    <ClInclude Include="vendor\glm\include\glm\gtx\std_based_type.inl">
      <Filter>vendor\glm\include\glm\gtx</Filter>
    </ClInclude>
    <ClInclude Include="vendor\glm\include\glm\gtx\string_cast.hpp">
      <Filter>vendor\glm\include\glm\gtx</Filter>
    </ClInclude>
    <ClInclude Include="vendor\glm\include\glm\gtx\string_cast.inl">
      <Filter>vendor\glm\include\glm\gtx</Filter>
    </ClInclude>
    <ClInclude Include="vendor\glm\include\glm\gtx\texture.hpp">
      <Filter>vendor\glm\include\glm\gtx</Filter>
    </ClInclude>
    <ClInclude Include="vendor\glm\include\glm\gtx\texture.inl">
      <Filter>vendor\glm\include\glm\gtx</Filter>
    </ClInclude>
    <ClInclude Include="vendor\glm\include\glm\gtx\transform.hpp">
      <Filter>vendor\glm\include\glm\gtx</Filter>
    </ClInclude>
    <ClInclude Include="vendor\glm\include\glm\gtx\transform.inl">
      <Filter>vendor\glm\include\glm\gtx</Filter>
    </ClInclude>
    <ClInclude Include="vendor\glm\include\glm\gtx\transform2.hpp">
      <Filter>vendor\glm\include\glm\gtx</Filter>
    </ClInclude>
    <ClInclude Include="vendor\glm\include\glm\gtx\transform2.inl">
      <Filter>vendor\glm\include\glm\gtx</Filter>
    </ClInclude>
    <ClInclude Include="vendor\glm\include\glm\gtx\type_aligned.hpp">
      <Filter>vendor\glm\include\glm\gtx</Filter>
    </ClInclude>
    <ClInclude Include="vendor\glm\include\glm\gtx\type_aligned.inl">
      <Filter>vendor\glm\include\glm\gtx</Filter>
    </ClInclude>
    <ClInclude Include="vendor\glm\include\glm\gtx\type_trait.hpp">
      <Filter>vendor\glm\include\glm\gtx</Filter>
    </ClInclude>
    <ClInclude Include="vendor\glm\include\glm\gtx\type_trait.inl">
      <Filter>vendor\glm\include\glm\gtx</Filter>
    </ClInclude>
    <ClInclude Include="vendor\glm\include\glm\gtx\vec_swizzle.hpp">
      <Filter>vendor\glm\include\glm\gtx</Filter>
    </ClInclude>
    <ClInclude Include="vendor\glm\include\glm\gtx\vector_angle.hpp">
      <Filter>vendor\glm\include\glm\gtx</Filter>
    </ClInclude>
    <ClInclude Include="vendor\glm\include\glm\gtx\vector_angle.inl">
      <Filter>vendor\glm\include\glm\gtx</Filter>
    </ClInclude>
    <ClInclude Include="vendor\glm\include\glm\gtx\vector_query.hpp">
      <Filter>vendor\glm\include\glm\gtx</Filter>
    </ClInclude>
    <ClInclude Include="vendor\glm\include\glm\gtx\vector_query.inl">
      <Filter>vendor\glm\include\glm\gtx</Filter>
    </ClInclude>
    <ClInclude Include="vendor\glm\include\glm\gtx\wrap.hpp">
      <Filter>vendor\glm\include\glm\gtx</Filter>
    </ClInclude>
    <ClInclude Include="vendor\glm\include\glm\gtx\wrap.inl">
      <Filter>vendor\glm\include\glm\gtx</Filter>
    </ClInclude>
    <ClInclude Include="vendor\glm\include\glm\integer.hpp">
      <Filter>vendor\glm\include\glm</Filter>
    </ClInclude>
    <ClInclude Include="vendor\glm\include\glm\mat2x2.hpp">
      <Filter>vendor\glm\include\glm</Filter>
    </ClInclude>
    <ClInclude Include="vendor\glm\include\glm\mat2x3.hpp">
      <Filter>vendor\glm\include\glm</Filter>
    </ClInclude>
    <ClInclude Include="vendor\glm\include\glm\mat2x4.hpp">
      <Filter>vendor\glm\include\glm</Filter>
    </ClInclude>
    <ClInclude Include="vendor\glm\include\glm\mat3x2.hpp">
      <Filter>vendor\glm\include\glm</Filter>
    </ClInclude>
    <ClInclude Include="vendor\glm\include\glm\mat3x3.hpp">
      <Filter>vendor\glm\include\glm</Filter>
    </ClInclude>
    <ClInclude Include="vendor\glm\include\glm\mat3x4.hpp">
      <Filter>vendor\glm\include\glm</Filter>
    </ClInclude>
    <ClInclude Include="vendor\glm\include\glm\mat4x2.hpp">
      <Filter>vendor\glm\include\glm</Filter>
    </ClInclude>
    <ClInclude Include="vendor\glm\include\glm\mat4x3.hpp">
      <Filter>vendor\glm\include\glm</Filter>
    </ClInclude>
    <ClInclude Include="vendor\glm\include\glm\mat4x4.hpp">
      <Filter>vendor\glm\include\glm</Filter>
    </ClInclude>
    <ClInclude Include="vendor\glm\include\glm\matrix.hpp">
      <Filter>vendor\glm\include\glm</Filter>
    </ClInclude>
    <ClInclude Include="vendor\glm\include\glm\packing.hpp">
      <Filter>vendor\glm\include\glm</Filter>
    </ClInclude>
    <ClInclude Include="vendor\glm\include\glm\trigonometric.hpp">
      <Filter>vendor\glm\include\glm</Filter>
    </ClInclude>
    <ClInclude Include="vendor\glm\include\glm\vec2.hpp">
      <Filter>vendor\glm\include\glm</Filter>
    </ClInclude>
    <ClInclude Include="vendor\glm\include\glm\vec3.hpp">
      <Filter>vendor\glm\include\glm</Filter>
    </ClInclude>
    <ClInclude Include="vendor\glm\include\glm\vec4.hpp">
      <Filter>vendor\glm\include\glm</Filter>
    </ClInclude>
    <ClInclude Include="vendor\glm\include\glm\vector_relational.hpp">
      <Filter>vendor\glm\include\glm</Filter>
    </ClInclude>
    <ClInclude Include="vendor\stb_image\stb_image.h">
      <Filter>vendor\stb_image</Filter>
    </ClInclude>
    <ClInclude Include="src\BHive\EventMacros.h" />
    <ClInclude Include="src\BHive\Managers\AssetManagers.h" />
    <ClInclude Include="src\BHive\Managers\AssetLoader.h" />
    <ClInclude Include="src\BHive\Core\Events\EventDelegate.h">
      <Filter>src\BHive\Core\Events</Filter>
    </ClInclude>
    <ClInclude Include="src\BHive\Renderer\Mesh.h">
      <Filter>src\BHive\Renderer</Filter>
    </ClInclude>
  </ItemGroup>
  <ItemGroup>
    <ClCompile Include="src\BHive\BHivePCH.cpp">
      <Filter>src\BHive</Filter>
    </ClCompile>
    <ClCompile Include="src\BHive\Components\CameraComponents.cpp">
      <Filter>src\BHive\Components</Filter>
    </ClCompile>
    <ClCompile Include="src\BHive\Components\Primitive.cpp">
      <Filter>src\BHive\Components</Filter>
    </ClCompile>
    <ClCompile Include="src\BHive\Components\RenderComponent.cpp">
      <Filter>src\BHive\Components</Filter>
    </ClCompile>
    <ClCompile Include="src\BHive\Components\TransformComponent.cpp">
      <Filter>src\BHive\Components</Filter>
    </ClCompile>
    <ClCompile Include="src\BHive\Controllers\CameraController.cpp">
      <Filter>src\BHive\Controllers</Filter>
    </ClCompile>
    <ClCompile Include="src\BHive\Core\Application.cpp">
      <Filter>src\BHive\Core</Filter>
    </ClCompile>
    <ClCompile Include="src\BHive\Core\IDGenerator.cpp">
      <Filter>src\BHive\Core</Filter>
    </ClCompile>
    <ClCompile Include="src\BHive\Core\Layer.cpp">
      <Filter>src\BHive\Core</Filter>
    </ClCompile>
    <ClCompile Include="src\BHive\Core\LayerStack.cpp">
      <Filter>src\BHive\Core</Filter>
    </ClCompile>
    <ClCompile Include="src\BHive\Core\Log.cpp">
      <Filter>src\BHive\Core</Filter>
    </ClCompile>
    <ClCompile Include="src\BHive\Core\Time\Time.cpp">
      <Filter>src\BHive\Core\Time</Filter>
    </ClCompile>
    <ClCompile Include="src\BHive\Core\Types\APath.cpp">
      <Filter>src\BHive\Core\Types</Filter>
    </ClCompile>
    <ClCompile Include="src\BHive\Core\Types\Color.cpp">
      <Filter>src\BHive\Core\Types</Filter>
    </ClCompile>
    <ClCompile Include="src\BHive\Core\Types\Rotator.cpp">
      <Filter>src\BHive\Core\Types</Filter>
    </ClCompile>
    <ClCompile Include="src\BHive\Core\Types\Transform.cpp">
      <Filter>src\BHive\Core\Types</Filter>
    </ClCompile>
    <ClCompile Include="src\BHive\Debug\Instrumentor.cpp">
      <Filter>src\BHive\Debug</Filter>
    </ClCompile>
    <ClCompile Include="src\BHive\ImGui\ImguiBuild.cpp">
      <Filter>src\BHive\ImGui</Filter>
    </ClCompile>
    <ClCompile Include="src\BHive\Layers\ImGuiLayer.cpp">
      <Filter>src\BHive\Layers</Filter>
    </ClCompile>
    <ClCompile Include="src\BHive\Object\Actor.cpp">
      <Filter>src\BHive\Object</Filter>
    </ClCompile>
    <ClCompile Include="src\BHive\Object\ActorManager.cpp">
      <Filter>src\BHive\Object</Filter>
    </ClCompile>
    <ClCompile Include="src\BHive\Object\Object.cpp">
      <Filter>src\BHive\Object</Filter>
    </ClCompile>
    <ClCompile Include="src\BHive\Platforms\Opengl\OpenGLBuffer.cpp">
      <Filter>src\BHive\Platforms\Opengl</Filter>
    </ClCompile>
    <ClCompile Include="src\BHive\Platforms\Opengl\OpenGLContext.cpp">
      <Filter>src\BHive\Platforms\Opengl</Filter>
    </ClCompile>
    <ClCompile Include="src\BHive\Platforms\Opengl\OpenGLRendererAPI.cpp">
      <Filter>src\BHive\Platforms\Opengl</Filter>
    </ClCompile>
    <ClCompile Include="src\BHive\Platforms\Opengl\OpenGLShader.cpp">
      <Filter>src\BHive\Platforms\Opengl</Filter>
    </ClCompile>
    <ClCompile Include="src\BHive\Platforms\Opengl\OpenGLTexture.cpp">
      <Filter>src\BHive\Platforms\Opengl</Filter>
    </ClCompile>
    <ClCompile Include="src\BHive\Platforms\Opengl\OpenGLVertexArray.cpp">
      <Filter>src\BHive\Platforms\Opengl</Filter>
    </ClCompile>
    <ClCompile Include="src\BHive\Platforms\Windows\WindowWindows.cpp">
      <Filter>src\BHive\Platforms\Windows</Filter>
    </ClCompile>
    <ClCompile Include="src\BHive\Platforms\Windows\WindowsInput.cpp">
      <Filter>src\BHive\Platforms\Windows</Filter>
    </ClCompile>
    <ClCompile Include="src\BHive\Renderer\Buffer.cpp">
      <Filter>src\BHive\Renderer</Filter>
    </ClCompile>
    <ClCompile Include="src\BHive\Renderer\RenderCommands.cpp">
      <Filter>src\BHive\Renderer</Filter>
    </ClCompile>
    <ClCompile Include="src\BHive\Renderer\Renderer.cpp">
      <Filter>src\BHive\Renderer</Filter>
    </ClCompile>
    <ClCompile Include="src\BHive\Renderer\Renderer2D.cpp">
      <Filter>src\BHive\Renderer</Filter>
    </ClCompile>
    <ClCompile Include="src\BHive\Renderer\RendererAPI.cpp">
      <Filter>src\BHive\Renderer</Filter>
    </ClCompile>
    <ClCompile Include="src\BHive\Renderer\Shader.cpp">
      <Filter>src\BHive\Renderer</Filter>
    </ClCompile>
    <ClCompile Include="src\BHive\Renderer\Texture.cpp">
      <Filter>src\BHive\Renderer</Filter>
    </ClCompile>
    <ClCompile Include="src\BHive\Renderer\VertexArray.cpp">
      <Filter>src\BHive\Renderer</Filter>
    </ClCompile>
    <ClCompile Include="src\BHive\Shapes\Plane.cpp">
      <Filter>src\BHive\Shapes</Filter>
    </ClCompile>
    <ClCompile Include="src\BHive\Shapes\Triangle.cpp">
      <Filter>src\BHive\Shapes</Filter>
    </ClCompile>
    <ClCompile Include="vendor\stb_image\stb_image.cpp">
      <Filter>vendor\stb_image</Filter>
    </ClCompile>
    <ClCompile Include="src\BHive\Managers\AssetLoader.cpp" />
    <ClCompile Include="src\BHive\Renderer\Mesh.cpp">
      <Filter>src\BHive\Renderer</Filter>
    </ClCompile>
  </ItemGroup>
  <ItemGroup>
    <None Include="..\premake5.lua" />
    <None Include="Assets\Shaders\BoundingBox.glsl">
      <Filter>Assets\Shaders</Filter>
    </None>
    <None Include="Assets\Shaders\Default.glsl">
      <Filter>Assets\Shaders</Filter>
    </None>
    <None Include="Assets\Shaders\Lambert.glsl">
      <Filter>Assets\Shaders</Filter>
    </None>
    <None Include="Assets\Shaders\Phong.glsl">
      <Filter>Assets\Shaders</Filter>
    </None>
  </ItemGroup>
  <ItemGroup>
    <Image Include="Assets\Textures\Icons\UI_Circle-24.png">
      <Filter>Assets\Textures\Icons</Filter>
    </Image>
    <Image Include="Assets\Textures\Icons\UI_Create.png">
      <Filter>Assets\Textures\Icons</Filter>
    </Image>
    <Image Include="Assets\Textures\Icons\UI_Cube.png">
      <Filter>Assets\Textures\Icons</Filter>
    </Image>
    <Image Include="Assets\Textures\Icons\UI_Cylinder.png">
      <Filter>Assets\Textures\Icons</Filter>
    </Image>
    <Image Include="Assets\Textures\Icons\UI_Delete.png">
      <Filter>Assets\Textures\Icons</Filter>
    </Image>
    <Image Include="Assets\Textures\Icons\UI_DeleteFace.png">
      <Filter>Assets\Textures\Icons</Filter>
    </Image>
    <Image Include="Assets\Textures\Icons\UI_Edge.png">
      <Filter>Assets\Textures\Icons</Filter>
    </Image>
    <Image Include="Assets\Textures\Icons\UI_FINISHED.png">
      <Filter>Assets\Textures\Icons</Filter>
    </Image>
    <Image Include="Assets\Textures\Icons\UI_Modify.png">
      <Filter>Assets\Textures\Icons</Filter>
    </Image>
    <Image Include="Assets\Textures\Icons\UI_Sphere.png">
      <Filter>Assets\Textures\Icons</Filter>
    </Image>
    <Image Include="Assets\Textures\Icons\Ui_SPline.png">
      <Filter>Assets\Textures\Icons</Filter>
    </Image>
    <Image Include="Assets\Textures\Icons\back.png">
      <Filter>Assets\Textures\Icons</Filter>
    </Image>
    <Image Include="Assets\Textures\Icons\folder.png">
      <Filter>Assets\Textures\Icons</Filter>
    </Image>
  </ItemGroup>
</Project>